
Microsoft Visual Studio Solution File, Format Version 12.00
# Visual Studio Version 17
VisualStudioVersion = 17.8.34408.163
MinimumVisualStudioVersion = 10.0.40219.1
Project("{9A19103F-16F7-4668-BE54-9A1E7A4F7556}") = "LaptopDiscount", "LaptopDiscount\LaptopDiscount.csproj", "{686B7B8F-E939-4459-B4A0-940B8A6A018A}"
EndProject
Project("{FAE04EC0-301F-11D3-BF4B-00C04F79EFBC}") = "EmployeeTypeDiscountTest", "EmployeeTypeDiscountTest\EmployeeTypeDiscountTest.csproj", "{1A96B040-C315-423E-8C3D-0868039D3EA7}"
EndProject
Global
	GlobalSection(SolutionConfigurationPlatforms) = preSolution
		Debug|Any CPU = Debug|Any CPU
		Release|Any CPU = Release|Any CPU
	EndGlobalSection
	GlobalSection(ProjectConfigurationPlatforms) = postSolution
		{686B7B8F-E939-4459-B4A0-940B8A6A018A}.Debug|Any CPU.ActiveCfg = Debug|Any CPU
		{686B7B8F-E939-4459-B4A0-940B8A6A018A}.Debug|Any CPU.Build.0 = Debug|Any CPU
		{686B7B8F-E939-4459-B4A0-940B8A6A018A}.Release|Any CPU.ActiveCfg = Release|Any CPU
		{686B7B8F-E939-4459-B4A0-940B8A6A018A}.Release|Any CPU.Build.0 = Release|Any CPU
		{1A96B040-C315-423E-8C3D-0868039D3EA7}.Debug|Any CPU.ActiveCfg = Debug|Any CPU
		{1A96B040-C315-423E-8C3D-0868039D3EA7}.Debug|Any CPU.Build.0 = Debug|Any CPU
		{1A96B040-C315-423E-8C3D-0868039D3EA7}.Release|Any CPU.ActiveCfg = Release|Any CPU
		{1A96B040-C315-423E-8C3D-0868039D3EA7}.Release|Any CPU.Build.0 = Release|Any CPU
	EndGlobalSection
	GlobalSection(SolutionProperties) = preSolution
		HideSolutionNode = FALSE
	EndGlobalSection
	GlobalSection(ExtensibilityGlobals) = postSolution
		SolutionGuid = {8BD32AB6-242F-4AB1-8431-0CBBF4B1D6A0}
	EndGlobalSection
EndGlobal
